
Microsoft Visual Studio Solution File, Format Version 12.00
# Visual Studio Version 17
VisualStudioVersion = 17.3.32922.545
MinimumVisualStudioVersion = 10.0.40219.1
Project("{FAE04EC0-301F-11D3-BF4B-00C04F79EFBC}") = "Client", "Client\Client.csproj", "{5413CE89-6017-4065-83F3-EAC402DC4F4A}"
	ProjectSection(ProjectDependencies) = postProject
		{8DAB48D2-0B5F-426F-AE42-1E09758B2B8D} = {8DAB48D2-0B5F-426F-AE42-1E09758B2B8D}
	EndProjectSection
EndProject
Project("{FAE04EC0-301F-11D3-BF4B-00C04F79EFBC}") = "Assignment1Service", "Assignment1Service\Assignment1Service.csproj", "{8DAB48D2-0B5F-426F-AE42-1E09758B2B8D}"
EndProject
Global
	GlobalSection(SolutionConfigurationPlatforms) = preSolution
		Debug|Any CPU = Debug|Any CPU
		Release|Any CPU = Release|Any CPU
	EndGlobalSection
	GlobalSection(ProjectConfigurationPlatforms) = postSolution
		{5413CE89-6017-4065-83F3-EAC402DC4F4A}.Debug|Any CPU.ActiveCfg = Debug|Any CPU
		{5413CE89-6017-4065-83F3-EAC402DC4F4A}.Debug|Any CPU.Build.0 = Debug|Any CPU
		{5413CE89-6017-4065-83F3-EAC402DC4F4A}.Release|Any CPU.ActiveCfg = Release|Any CPU
		{5413CE89-6017-4065-83F3-EAC402DC4F4A}.Release|Any CPU.Build.0 = Release|Any CPU
		{8DAB48D2-0B5F-426F-AE42-1E09758B2B8D}.Debug|Any CPU.ActiveCfg = Debug|Any CPU
		{8DAB48D2-0B5F-426F-AE42-1E09758B2B8D}.Debug|Any CPU.Build.0 = Debug|Any CPU
		{8DAB48D2-0B5F-426F-AE42-1E09758B2B8D}.Release|Any CPU.ActiveCfg = Release|Any CPU
		{8DAB48D2-0B5F-426F-AE42-1E09758B2B8D}.Release|Any CPU.Build.0 = Release|Any CPU
	EndGlobalSection
	GlobalSection(SolutionProperties) = preSolution
		HideSolutionNode = FALSE
	EndGlobalSection
	GlobalSection(ExtensibilityGlobals) = postSolution
		SolutionGuid = {ADE99BF7-3FE6-45F1-8A66-2D9B5C81BBB4}
	EndGlobalSection
EndGlobal
